
Microsoft Visual Studio Solution File, Format Version 11.00
# Visual Basic Express 2010
Project("{F184B08F-C81C-45F6-A57F-5ABD9991F28F}") = "Ordering system", "Ordering system\Ordering system.vbproj", "{93B7F6BE-F22C-4339-8EF7-4C5F35408AA4}"
EndProject
Global
	GlobalSection(SolutionConfigurationPlatforms) = preSolution
		Debug|x86 = Debug|x86
		Release|x86 = Release|x86
	EndGlobalSection
	GlobalSection(ProjectConfigurationPlatforms) = postSolution
		{93B7F6BE-F22C-4339-8EF7-4C5F35408AA4}.Debug|x86.ActiveCfg = Debug|x86
		{93B7F6BE-F22C-4339-8EF7-4C5F35408AA4}.Debug|x86.Build.0 = Debug|x86
		{93B7F6BE-F22C-4339-8EF7-4C5F35408AA4}.Release|x86.ActiveCfg = Release|x86
		{93B7F6BE-F22C-4339-8EF7-4C5F35408AA4}.Release|x86.Build.0 = Release|x86
	EndGlobalSection
	GlobalSection(SolutionProperties) = preSolution
		HideSolutionNode = FALSE
	EndGlobalSection
EndGlobal
